
Microsoft Visual Studio Solution File, Format Version 12.00
# Visual Studio Version 17
VisualStudioVersion = 17.5.33414.496
MinimumVisualStudioVersion = 10.0.40219.1
Project("{FAE04EC0-301F-11D3-BF4B-00C04F79EFBC}") = "AudioPlayer", "AudioPlayer\AudioPlayer.csproj", "{DECA80FB-B26A-4175-8C64-A0324F7ADD13}"
EndProject
Global
	GlobalSection(SolutionConfigurationPlatforms) = preSolution
		Debug|Any CPU = Debug|Any CPU
		Release|Any CPU = Release|Any CPU
	EndGlobalSection
	GlobalSection(ProjectConfigurationPlatforms) = postSolution
		{DECA80FB-B26A-4175-8C64-A0324F7ADD13}.Debug|Any CPU.ActiveCfg = Debug|Any CPU
		{DECA80FB-B26A-4175-8C64-A0324F7ADD13}.Debug|Any CPU.Build.0 = Debug|Any CPU
		{DECA80FB-B26A-4175-8C64-A0324F7ADD13}.Release|Any CPU.ActiveCfg = Release|Any CPU
		{DECA80FB-B26A-4175-8C64-A0324F7ADD13}.Release|Any CPU.Build.0 = Release|Any CPU
	EndGlobalSection
	GlobalSection(SolutionProperties) = preSolution
		HideSolutionNode = FALSE
	EndGlobalSection
	GlobalSection(ExtensibilityGlobals) = postSolution
		SolutionGuid = {65114934-8806-4A38-979C-455C49FDDA6C}
	EndGlobalSection
EndGlobal
